
Microsoft Visual Studio Solution File, Format Version 12.00
# Visual Studio Version 16
VisualStudioVersion = 16.0.32106.194
MinimumVisualStudioVersion = 10.0.40219.1
Project("{8BC9CEB8-8B4A-11D0-8D11-00A0C91BC942}") = "c_ex1", "c_ex1\c_ex1.vcxproj", "{C4E46BC6-525E-4855-AF55-3281D94C59F6}"
EndProject
Project("{8BC9CEB8-8B4A-11D0-8D11-00A0C91BC942}") = "c_ex2_1", "c_ex2_1\c_ex2_1.vcxproj", "{23AC66F6-3E47-47C6-82A3-2035AC3775F9}"
EndProject
Project("{8BC9CEB8-8B4A-11D0-8D11-00A0C91BC942}") = "c_ex2_2", "c_ex2_2\c_ex2_2.vcxproj", "{B00FCED5-7ACE-4F39-B4F1-EA941E3C85FC}"
EndProject
Project("{8BC9CEB8-8B4A-11D0-8D11-00A0C91BC942}") = "c_ex2_3", "c_ex2_3\c_ex2_3.vcxproj", "{0275E75B-42D6-4D39-8703-3AAFDDD657DE}"
EndProject
Project("{8BC9CEB8-8B4A-11D0-8D11-00A0C91BC942}") = "c_ex3_1", "c_ex3_1\c_ex3_1.vcxproj", "{0F1DBF92-14BB-4EB9-B803-31A92290EC99}"
EndProject
Project("{8BC9CEB8-8B4A-11D0-8D11-00A0C91BC942}") = "c_ex3_2", "c_ex3_2\c_ex3_2.vcxproj", "{962661BF-82DD-4B3C-BB07-F907A41588E4}"
EndProject
Project("{8BC9CEB8-8B4A-11D0-8D11-00A0C91BC942}") = "c_ex4_1", "c_ex4_1\c_ex4_1.vcxproj", "{7C88E1C5-8E79-4FC6-95A2-70FDC32603AC}"
EndProject
Project("{8BC9CEB8-8B4A-11D0-8D11-00A0C91BC942}") = "c_ex4_2", "c_ex4_2\c_ex4_2.vcxproj", "{2D0F0107-B9CE-42C3-AD78-58973A1D7B2E}"
EndProject
Project("{8BC9CEB8-8B4A-11D0-8D11-00A0C91BC942}") = "c_ex5_1", "c_ex5_1\c_ex5_1.vcxproj", "{0928AFFD-3FD6-43E3-8285-94F0DD91F085}"
EndProject
Project("{8BC9CEB8-8B4A-11D0-8D11-00A0C91BC942}") = "c_ex6_1", "c_ex6_1\c_ex6_1.vcxproj", "{03877369-5F34-40C9-9935-34668B3BBCB8}"
EndProject
Project("{8BC9CEB8-8B4A-11D0-8D11-00A0C91BC942}") = "c_ex7_1", "c_ex7_1\c_ex7_1.vcxproj", "{774811A8-7E54-4E0D-8871-404A366E958E}"
EndProject
Project("{8BC9CEB8-8B4A-11D0-8D11-00A0C91BC942}") = "c_ex8_1", "c_ex8_1\c_ex8_1.vcxproj", "{01F7CDDB-20DF-4944-AC8E-C790E8BC5476}"
EndProject
Project("{8BC9CEB8-8B4A-11D0-8D11-00A0C91BC942}") = "c_ex8_2", "c_ex8_2\c_ex8_2.vcxproj", "{F2515886-F031-48F4-91D9-B0C696CE16BE}"
EndProject
Project("{8BC9CEB8-8B4A-11D0-8D11-00A0C91BC942}") = "cpp_ex11_1", "cpp_ex11_1\cpp_ex11_1.vcxproj", "{249D1195-B525-4475-933F-89157640811A}"
EndProject
Project("{8BC9CEB8-8B4A-11D0-8D11-00A0C91BC942}") = "cpp_ex12_1", "cpp_ex12_1\cpp_ex12_1.vcxproj", "{23C27379-2E62-4BD5-A3B8-49C795D29C64}"
EndProject
Project("{8BC9CEB8-8B4A-11D0-8D11-00A0C91BC942}") = "cpp_ex13_1", "cpp_ex13_1\cpp_ex13_1.vcxproj", "{D06BFE4F-18F3-4738-A093-FE438114A4F7}"
EndProject
Project("{8BC9CEB8-8B4A-11D0-8D11-00A0C91BC942}") = "cpp_ex14_1", "cpp_ex14_1\cpp_ex14_1.vcxproj", "{38B6BD26-EAAF-49FC-9F27-6F4993923297}"
EndProject
Project("{8BC9CEB8-8B4A-11D0-8D11-00A0C91BC942}") = "cpp_ex16_1", "cpp_ex16_1\cpp_ex16_1.vcxproj", "{618FE285-471E-4A74-8071-C4AC80BF8291}"
EndProject
Global
	GlobalSection(SolutionConfigurationPlatforms) = preSolution
		Debug|x64 = Debug|x64
		Debug|x86 = Debug|x86
		Release|x64 = Release|x64
		Release|x86 = Release|x86
	EndGlobalSection
	GlobalSection(ProjectConfigurationPlatforms) = postSolution
		{C4E46BC6-525E-4855-AF55-3281D94C59F6}.Debug|x64.ActiveCfg = Debug|x64
		{C4E46BC6-525E-4855-AF55-3281D94C59F6}.Debug|x64.Build.0 = Debug|x64
		{C4E46BC6-525E-4855-AF55-3281D94C59F6}.Debug|x86.ActiveCfg = Debug|Win32
		{C4E46BC6-525E-4855-AF55-3281D94C59F6}.Debug|x86.Build.0 = Debug|Win32
		{C4E46BC6-525E-4855-AF55-3281D94C59F6}.Release|x64.ActiveCfg = Release|x64
		{C4E46BC6-525E-4855-AF55-3281D94C59F6}.Release|x64.Build.0 = Release|x64
		{C4E46BC6-525E-4855-AF55-3281D94C59F6}.Release|x86.ActiveCfg = Release|Win32
		{C4E46BC6-525E-4855-AF55-3281D94C59F6}.Release|x86.Build.0 = Release|Win32
		{23AC66F6-3E47-47C6-82A3-2035AC3775F9}.Debug|x64.ActiveCfg = Debug|x64
		{23AC66F6-3E47-47C6-82A3-2035AC3775F9}.Debug|x64.Build.0 = Debug|x64
		{23AC66F6-3E47-47C6-82A3-2035AC3775F9}.Debug|x86.ActiveCfg = Debug|Win32
		{23AC66F6-3E47-47C6-82A3-2035AC3775F9}.Debug|x86.Build.0 = Debug|Win32
		{23AC66F6-3E47-47C6-82A3-2035AC3775F9}.Release|x64.ActiveCfg = Release|x64
		{23AC66F6-3E47-47C6-82A3-2035AC3775F9}.Release|x64.Build.0 = Release|x64
		{23AC66F6-3E47-47C6-82A3-2035AC3775F9}.Release|x86.ActiveCfg = Release|Win32
		{23AC66F6-3E47-47C6-82A3-2035AC3775F9}.Release|x86.Build.0 = Release|Win32
		{B00FCED5-7ACE-4F39-B4F1-EA941E3C85FC}.Debug|x64.ActiveCfg = Debug|x64
		{B00FCED5-7ACE-4F39-B4F1-EA941E3C85FC}.Debug|x64.Build.0 = Debug|x64
		{B00FCED5-7ACE-4F39-B4F1-EA941E3C85FC}.Debug|x86.ActiveCfg = Debug|Win32
		{B00FCED5-7ACE-4F39-B4F1-EA941E3C85FC}.Debug|x86.Build.0 = Debug|Win32
		{B00FCED5-7ACE-4F39-B4F1-EA941E3C85FC}.Release|x64.ActiveCfg = Release|x64
		{B00FCED5-7ACE-4F39-B4F1-EA941E3C85FC}.Release|x64.Build.0 = Release|x64
		{B00FCED5-7ACE-4F39-B4F1-EA941E3C85FC}.Release|x86.ActiveCfg = Release|Win32
		{B00FCED5-7ACE-4F39-B4F1-EA941E3C85FC}.Release|x86.Build.0 = Release|Win32
		{0275E75B-42D6-4D39-8703-3AAFDDD657DE}.Debug|x64.ActiveCfg = Debug|x64
		{0275E75B-42D6-4D39-8703-3AAFDDD657DE}.Debug|x64.Build.0 = Debug|x64
		{0275E75B-42D6-4D39-8703-3AAFDDD657DE}.Debug|x86.ActiveCfg = Debug|Win32
		{0275E75B-42D6-4D39-8703-3AAFDDD657DE}.Debug|x86.Build.0 = Debug|Win32
		{0275E75B-42D6-4D39-8703-3AAFDDD657DE}.Release|x64.ActiveCfg = Release|x64
		{0275E75B-42D6-4D39-8703-3AAFDDD657DE}.Release|x64.Build.0 = Release|x64
		{0275E75B-42D6-4D39-8703-3AAFDDD657DE}.Release|x86.ActiveCfg = Release|Win32
		{0275E75B-42D6-4D39-8703-3AAFDDD657DE}.Release|x86.Build.0 = Release|Win32
		{0F1DBF92-14BB-4EB9-B803-31A92290EC99}.Debug|x64.ActiveCfg = Debug|x64
		{0F1DBF92-14BB-4EB9-B803-31A92290EC99}.Debug|x64.Build.0 = Debug|x64
		{0F1DBF92-14BB-4EB9-B803-31A92290EC99}.Debug|x86.ActiveCfg = Debug|Win32
		{0F1DBF92-14BB-4EB9-B803-31A92290EC99}.Debug|x86.Build.0 = Debug|Win32
		{0F1DBF92-14BB-4EB9-B803-31A92290EC99}.Release|x64.ActiveCfg = Release|x64
		{0F1DBF92-14BB-4EB9-B803-31A92290EC99}.Release|x64.Build.0 = Release|x64
		{0F1DBF92-14BB-4EB9-B803-31A92290EC99}.Release|x86.ActiveCfg = Release|Win32
		{0F1DBF92-14BB-4EB9-B803-31A92290EC99}.Release|x86.Build.0 = Release|Win32
		{962661BF-82DD-4B3C-BB07-F907A41588E4}.Debug|x64.ActiveCfg = Debug|x64
		{962661BF-82DD-4B3C-BB07-F907A41588E4}.Debug|x64.Build.0 = Debug|x64
		{962661BF-82DD-4B3C-BB07-F907A41588E4}.Debug|x86.ActiveCfg = Debug|Win32
		{962661BF-82DD-4B3C-BB07-F907A41588E4}.Debug|x86.Build.0 = Debug|Win32
		{962661BF-82DD-4B3C-BB07-F907A41588E4}.Release|x64.ActiveCfg = Release|x64
		{962661BF-82DD-4B3C-BB07-F907A41588E4}.Release|x64.Build.0 = Release|x64
		{962661BF-82DD-4B3C-BB07-F907A41588E4}.Release|x86.ActiveCfg = Release|Win32
		{962661BF-82DD-4B3C-BB07-F907A41588E4}.Release|x86.Build.0 = Release|Win32
		{7C88E1C5-8E79-4FC6-95A2-70FDC32603AC}.Debug|x64.ActiveCfg = Debug|x64
		{7C88E1C5-8E79-4FC6-95A2-70FDC32603AC}.Debug|x64.Build.0 = Debug|x64
		{7C88E1C5-8E79-4FC6-95A2-70FDC32603AC}.Debug|x86.ActiveCfg = Debug|Win32
		{7C88E1C5-8E79-4FC6-95A2-70FDC32603AC}.Debug|x86.Build.0 = Debug|Win32
		{7C88E1C5-8E79-4FC6-95A2-70FDC32603AC}.Release|x64.ActiveCfg = Release|x64
		{7C88E1C5-8E79-4FC6-95A2-70FDC32603AC}.Release|x64.Build.0 = Release|x64
		{7C88E1C5-8E79-4FC6-95A2-70FDC32603AC}.Release|x86.ActiveCfg = Release|Win32
		{7C88E1C5-8E79-4FC6-95A2-70FDC32603AC}.Release|x86.Build.0 = Release|Win32
		{2D0F0107-B9CE-42C3-AD78-58973A1D7B2E}.Debug|x64.ActiveCfg = Debug|x64
		{2D0F0107-B9CE-42C3-AD78-58973A1D7B2E}.Debug|x64.Build.0 = Debug|x64
		{2D0F0107-B9CE-42C3-AD78-58973A1D7B2E}.Debug|x86.ActiveCfg = Debug|Win32
		{2D0F0107-B9CE-42C3-AD78-58973A1D7B2E}.Debug|x86.Build.0 = Debug|Win32
		{2D0F0107-B9CE-42C3-AD78-58973A1D7B2E}.Release|x64.ActiveCfg = Release|x64
		{2D0F0107-B9CE-42C3-AD78-58973A1D7B2E}.Release|x64.Build.0 = Release|x64
		{2D0F0107-B9CE-42C3-AD78-58973A1D7B2E}.Release|x86.ActiveCfg = Release|Win32
		{2D0F0107-B9CE-42C3-AD78-58973A1D7B2E}.Release|x86.Build.0 = Release|Win32
		{0928AFFD-3FD6-43E3-8285-94F0DD91F085}.Debug|x64.ActiveCfg = Debug|x64
		{0928AFFD-3FD6-43E3-8285-94F0DD91F085}.Debug|x64.Build.0 = Debug|x64
		{0928AFFD-3FD6-43E3-8285-94F0DD91F085}.Debug|x86.ActiveCfg = Debug|Win32
		{0928AFFD-3FD6-43E3-8285-94F0DD91F085}.Debug|x86.Build.0 = Debug|Win32
		{0928AFFD-3FD6-43E3-8285-94F0DD91F085}.Release|x64.ActiveCfg = Release|x64
		{0928AFFD-3FD6-43E3-8285-94F0DD91F085}.Release|x64.Build.0 = Release|x64
		{0928AFFD-3FD6-43E3-8285-94F0DD91F085}.Release|x86.ActiveCfg = Release|Win32
		{0928AFFD-3FD6-43E3-8285-94F0DD91F085}.Release|x86.Build.0 = Release|Win32
		{03877369-5F34-40C9-9935-34668B3BBCB8}.Debug|x64.ActiveCfg = Debug|x64
		{03877369-5F34-40C9-9935-34668B3BBCB8}.Debug|x64.Build.0 = Debug|x64
		{03877369-5F34-40C9-9935-34668B3BBCB8}.Debug|x86.ActiveCfg = Debug|Win32
		{03877369-5F34-40C9-9935-34668B3BBCB8}.Debug|x86.Build.0 = Debug|Win32
		{03877369-5F34-40C9-9935-34668B3BBCB8}.Release|x64.ActiveCfg = Release|x64
		{03877369-5F34-40C9-9935-34668B3BBCB8}.Release|x64.Build.0 = Release|x64
		{03877369-5F34-40C9-9935-34668B3BBCB8}.Release|x86.ActiveCfg = Release|Win32
		{03877369-5F34-40C9-9935-34668B3BBCB8}.Release|x86.Build.0 = Release|Win32
		{774811A8-7E54-4E0D-8871-404A366E958E}.Debug|x64.ActiveCfg = Debug|x64
		{774811A8-7E54-4E0D-8871-404A366E958E}.Debug|x64.Build.0 = Debug|x64
		{774811A8-7E54-4E0D-8871-404A366E958E}.Debug|x86.ActiveCfg = Debug|Win32
		{774811A8-7E54-4E0D-8871-404A366E958E}.Debug|x86.Build.0 = Debug|Win32
		{774811A8-7E54-4E0D-8871-404A366E958E}.Release|x64.ActiveCfg = Release|x64
		{774811A8-7E54-4E0D-8871-404A366E958E}.Release|x64.Build.0 = Release|x64
		{774811A8-7E54-4E0D-8871-404A366E958E}.Release|x86.ActiveCfg = Release|Win32
		{774811A8-7E54-4E0D-8871-404A366E958E}.Release|x86.Build.0 = Release|Win32
		{01F7CDDB-20DF-4944-AC8E-C790E8BC5476}.Debug|x64.ActiveCfg = Debug|x64
		{01F7CDDB-20DF-4944-AC8E-C790E8BC5476}.Debug|x64.Build.0 = Debug|x64
		{01F7CDDB-20DF-4944-AC8E-C790E8BC5476}.Debug|x86.ActiveCfg = Debug|Win32
		{01F7CDDB-20DF-4944-AC8E-C790E8BC5476}.Debug|x86.Build.0 = Debug|Win32
		{01F7CDDB-20DF-4944-AC8E-C790E8BC5476}.Release|x64.ActiveCfg = Release|x64
		{01F7CDDB-20DF-4944-AC8E-C790E8BC5476}.Release|x64.Build.0 = Release|x64
		{01F7CDDB-20DF-4944-AC8E-C790E8BC5476}.Release|x86.ActiveCfg = Release|Win32
		{01F7CDDB-20DF-4944-AC8E-C790E8BC5476}.Release|x86.Build.0 = Release|Win32
		{F2515886-F031-48F4-91D9-B0C696CE16BE}.Debug|x64.ActiveCfg = Debug|x64
		{F2515886-F031-48F4-91D9-B0C696CE16BE}.Debug|x64.Build.0 = Debug|x64
		{F2515886-F031-48F4-91D9-B0C696CE16BE}.Debug|x86.ActiveCfg = Debug|Win32
		{F2515886-F031-48F4-91D9-B0C696CE16BE}.Debug|x86.Build.0 = Debug|Win32
		{F2515886-F031-48F4-91D9-B0C696CE16BE}.Release|x64.ActiveCfg = Release|x64
		{F2515886-F031-48F4-91D9-B0C696CE16BE}.Release|x64.Build.0 = Release|x64
		{F2515886-F031-48F4-91D9-B0C696CE16BE}.Release|x86.ActiveCfg = Release|Win32
		{F2515886-F031-48F4-91D9-B0C696CE16BE}.Release|x86.Build.0 = Release|Win32
		{249D1195-B525-4475-933F-89157640811A}.Debug|x64.ActiveCfg = Debug|x64
		{249D1195-B525-4475-933F-89157640811A}.Debug|x64.Build.0 = Debug|x64
		{249D1195-B525-4475-933F-89157640811A}.Debug|x86.ActiveCfg = Debug|Win32
		{249D1195-B525-4475-933F-89157640811A}.Debug|x86.Build.0 = Debug|Win32
		{249D1195-B525-4475-933F-89157640811A}.Release|x64.ActiveCfg = Release|x64
		{249D1195-B525-4475-933F-89157640811A}.Release|x64.Build.0 = Release|x64
		{249D1195-B525-4475-933F-89157640811A}.Release|x86.ActiveCfg = Release|Win32
		{249D1195-B525-4475-933F-89157640811A}.Release|x86.Build.0 = Release|Win32
		{23C27379-2E62-4BD5-A3B8-49C795D29C64}.Debug|x64.ActiveCfg = Debug|x64
		{23C27379-2E62-4BD5-A3B8-49C795D29C64}.Debug|x64.Build.0 = Debug|x64
		{23C27379-2E62-4BD5-A3B8-49C795D29C64}.Debug|x86.ActiveCfg = Debug|Win32
		{23C27379-2E62-4BD5-A3B8-49C795D29C64}.Debug|x86.Build.0 = Debug|Win32
		{23C27379-2E62-4BD5-A3B8-49C795D29C64}.Release|x64.ActiveCfg = Release|x64
		{23C27379-2E62-4BD5-A3B8-49C795D29C64}.Release|x64.Build.0 = Release|x64
		{23C27379-2E62-4BD5-A3B8-49C795D29C64}.Release|x86.ActiveCfg = Release|Win32
		{23C27379-2E62-4BD5-A3B8-49C795D29C64}.Release|x86.Build.0 = Release|Win32
		{D06BFE4F-18F3-4738-A093-FE438114A4F7}.Debug|x64.ActiveCfg = Debug|x64
		{D06BFE4F-18F3-4738-A093-FE438114A4F7}.Debug|x64.Build.0 = Debug|x64
		{D06BFE4F-18F3-4738-A093-FE438114A4F7}.Debug|x86.ActiveCfg = Debug|Win32
		{D06BFE4F-18F3-4738-A093-FE438114A4F7}.Debug|x86.Build.0 = Debug|Win32
		{D06BFE4F-18F3-4738-A093-FE438114A4F7}.Release|x64.ActiveCfg = Release|x64
		{D06BFE4F-18F3-4738-A093-FE438114A4F7}.Release|x64.Build.0 = Release|x64
		{D06BFE4F-18F3-4738-A093-FE438114A4F7}.Release|x86.ActiveCfg = Release|Win32
		{D06BFE4F-18F3-4738-A093-FE438114A4F7}.Release|x86.Build.0 = Release|Win32
		{38B6BD26-EAAF-49FC-9F27-6F4993923297}.Debug|x64.ActiveCfg = Debug|x64
		{38B6BD26-EAAF-49FC-9F27-6F4993923297}.Debug|x64.Build.0 = Debug|x64
		{38B6BD26-EAAF-49FC-9F27-6F4993923297}.Debug|x86.ActiveCfg = Debug|Win32
		{38B6BD26-EAAF-49FC-9F27-6F4993923297}.Debug|x86.Build.0 = Debug|Win32
		{38B6BD26-EAAF-49FC-9F27-6F4993923297}.Release|x64.ActiveCfg = Release|x64
		{38B6BD26-EAAF-49FC-9F27-6F4993923297}.Release|x64.Build.0 = Release|x64
		{38B6BD26-EAAF-49FC-9F27-6F4993923297}.Release|x86.ActiveCfg = Release|Win32
		{38B6BD26-EAAF-49FC-9F27-6F4993923297}.Release|x86.Build.0 = Release|Win32
		{618FE285-471E-4A74-8071-C4AC80BF8291}.Debug|x64.ActiveCfg = Debug|x64
		{618FE285-471E-4A74-8071-C4AC80BF8291}.Debug|x64.Build.0 = Debug|x64
		{618FE285-471E-4A74-8071-C4AC80BF8291}.Debug|x86.ActiveCfg = Debug|Win32
		{618FE285-471E-4A74-8071-C4AC80BF8291}.Debug|x86.Build.0 = Debug|Win32
		{618FE285-471E-4A74-8071-C4AC80BF8291}.Release|x64.ActiveCfg = Release|x64
		{618FE285-471E-4A74-8071-C4AC80BF8291}.Release|x64.Build.0 = Release|x64
		{618FE285-471E-4A74-8071-C4AC80BF8291}.Release|x86.ActiveCfg = Release|Win32
		{618FE285-471E-4A74-8071-C4AC80BF8291}.Release|x86.Build.0 = Release|Win32
	EndGlobalSection
	GlobalSection(SolutionProperties) = preSolution
		HideSolutionNode = FALSE
	EndGlobalSection
	GlobalSection(ExtensibilityGlobals) = postSolution
		SolutionGuid = {0B734863-78A0-4E92-A27D-9AC65EFCA697}
	EndGlobalSection
EndGlobal
